{
  "name": "example",
  "version": "1.0.0",
  "lockfileVersion": 2,
  "requires": true,
  "packages": {
    "": {
      "name": "example",
      "version": "1.0.0",
      "license": "ISC",
      "devDependencies": {
        "scaffold-any-app": "file:.."
      }
    },
    "..": {
      "name": "scaffold-any-app",
      "version": "0.2.4",
      "dev": true,
      "license": "WTFPL",
      "dependencies": {
        "istextorbinary": "^6.0.0"
      },
      "bin": {
        "scaffold-any-app": "bin/index.js"
      },
      "devDependencies": {
        "chai": "^3.5.0",
        "mocha": "^10.2.0"
      }
    },
    "node_modules/scaffold-any-app": {
      "resolved": "..",
      "link": true
    }
  },
  "dependencies": {
    "scaffold-any-app": {
      "version": "file:..",
      "requires": {
        "chai": "^3.5.0",
        "istextorbinary": "^6.0.0",
        "mocha": "^10.2.0"
      }
    }
  }
}
